
Microsoft Visual Studio Solution File, Format Version 12.00
# Visual Studio Version 16
VisualStudioVersion = 16.0.31205.134
MinimumVisualStudioVersion = 10.0.40219.1
Project("{FAE04EC0-301F-11D3-BF4B-00C04F79EFBC}") = "MakaevFilmTestApp", "MakaevFilmTestApp\MakaevFilmTestApp.csproj", "{CC86EDDF-BF78-4454-A8D7-8FE279FF7DFE}"
EndProject
Global
	GlobalSection(SolutionConfigurationPlatforms) = preSolution
		Debug|Any CPU = Debug|Any CPU
		Release|Any CPU = Release|Any CPU
	EndGlobalSection
	GlobalSection(ProjectConfigurationPlatforms) = postSolution
		{CC86EDDF-BF78-4454-A8D7-8FE279FF7DFE}.Debug|Any CPU.ActiveCfg = Debug|Any CPU
		{CC86EDDF-BF78-4454-A8D7-8FE279FF7DFE}.Debug|Any CPU.Build.0 = Debug|Any CPU
		{CC86EDDF-BF78-4454-A8D7-8FE279FF7DFE}.Release|Any CPU.ActiveCfg = Release|Any CPU
		{CC86EDDF-BF78-4454-A8D7-8FE279FF7DFE}.Release|Any CPU.Build.0 = Release|Any CPU
	EndGlobalSection
	GlobalSection(SolutionProperties) = preSolution
		HideSolutionNode = FALSE
	EndGlobalSection
	GlobalSection(ExtensibilityGlobals) = postSolution
		SolutionGuid = {F5ED41F7-223C-4E4C-AEFC-A0890A4FF6DA}
	EndGlobalSection
EndGlobal
